
Microsoft Visual Studio Solution File, Format Version 11.00
# Visual Web Developer Express 2010
Project("{FAE04EC0-301F-11D3-BF4B-00C04F79EFBC}") = "Commons.GetOptions", "Commons.GetOptions.csproj", "{46274489-59F8-4680-AF42-D688E3E899B2}"
EndProject
Global
	GlobalSection(SolutionConfigurationPlatforms) = preSolution
		Debug|Any CPU = Debug|Any CPU
		Release|Any CPU = Release|Any CPU
	EndGlobalSection
	GlobalSection(ProjectConfigurationPlatforms) = postSolution
		{46274489-59F8-4680-AF42-D688E3E899B2}.Debug|Any CPU.ActiveCfg = Debug|Any CPU
		{46274489-59F8-4680-AF42-D688E3E899B2}.Debug|Any CPU.Build.0 = Debug|Any CPU
		{46274489-59F8-4680-AF42-D688E3E899B2}.Release|Any CPU.ActiveCfg = Release|Any CPU
		{46274489-59F8-4680-AF42-D688E3E899B2}.Release|Any CPU.Build.0 = Release|Any CPU
	EndGlobalSection
	GlobalSection(SolutionProperties) = preSolution
		HideSolutionNode = FALSE
	EndGlobalSection
EndGlobal
